# THIS IS AN AUTOGENERATED FILE. DO NOT EDIT THIS FILE DIRECTLY.
# yarn lockfile v1


"@ibm/type@^0.5.4":
  version "0.5.4"
  resolved "https://registry.yarnpkg.com/@ibm/type/-/type-0.5.4.tgz#fad1d196a89127c6cb3b0fbfefce54bc8f7e8212"

clipboard@^1.5.5:
  version "1.7.1"
  resolved "https://registry.yarnpkg.com/clipboard/-/clipboard-1.7.1.tgz#360d6d6946e99a7a1fef395e42ba92b5e9b5a16b"
  dependencies:
    good-listener "^1.2.2"
    select "^1.1.2"
    tiny-emitter "^2.0.0"

delegate@^3.1.2:
  version "3.1.3"
  resolved "https://registry.yarnpkg.com/delegate/-/delegate-3.1.3.tgz#9a8251a777d7025faa55737bc3b071742127a9fd"

docsify@^4.5.3:
  version "4.5.3"
  resolved "https://registry.yarnpkg.com/docsify/-/docsify-4.5.3.tgz#08295179414a22dadcdbfeae6bde3c2b5a64101d"
  dependencies:
    marked "^0.3.6"
    medium-zoom "^0.2.0"
    prismjs "^1.6.0"
    tinydate "^1.0.0"
    tweezer.js "^1.4.0"

good-listener@^1.2.2:
  version "1.2.2"
  resolved "https://registry.yarnpkg.com/good-listener/-/good-listener-1.2.2.tgz#d53b30cdf9313dffb7dc9a0d477096aa6d145c50"
  dependencies:
    delegate "^3.1.2"

marked@^0.3.6:
  version "0.3.6"
  resolved "https://registry.yarnpkg.com/marked/-/marked-0.3.6.tgz#b2c6c618fccece4ef86c4fc6cb8a7cbf5aeda8d7"

medium-zoom@^0.2.0:
  version "0.2.0"
  resolved "https://registry.yarnpkg.com/medium-zoom/-/medium-zoom-0.2.0.tgz#12c9a6da7dee80adcb7bfae8549f9306017e4ca6"

prismjs@^1.6.0:
  version "1.8.4"
  resolved "https://registry.yarnpkg.com/prismjs/-/prismjs-1.8.4.tgz#573cc7a14c2c06566e1eca20d813f5ae55db80d2"
  optionalDependencies:
    clipboard "^1.5.5"

select@^1.1.2:
  version "1.1.2"
  resolved "https://registry.yarnpkg.com/select/-/select-1.1.2.tgz#0e7350acdec80b1108528786ec1d4418d11b396d"

tiny-emitter@^2.0.0:
  version "2.0.2"
  resolved "https://registry.yarnpkg.com/tiny-emitter/-/tiny-emitter-2.0.2.tgz#82d27468aca5ade8e5fd1e6d22b57dd43ebdfb7c"

tinydate@^1.0.0:
  version "1.0.0"
  resolved "https://registry.yarnpkg.com/tinydate/-/tinydate-1.0.0.tgz#20f31756a13959ef8c57ec133ba29b5ade042cac"

tweezer.js@^1.4.0:
  version "1.4.0"
  resolved "https://registry.yarnpkg.com/tweezer.js/-/tweezer.js-1.4.0.tgz#206ff568ad34cf0e56a04307d99ffc52193d5045"
